
Microsoft Visual Studio Solution File, Format Version 12.00
# Visual Studio Version 17
VisualStudioVersion = 17.5.33516.290
MinimumVisualStudioVersion = 10.0.40219.1
Project("{9A19103F-16F7-4668-BE54-9A1E7A4F7556}") = "Api", "Api\Api.csproj", "{F2B8636F-F5E1-4878-A6DE-2327145C1E16}"
EndProject
Project("{54A90642-561A-4BB1-A94E-469ADEE60C69}") = "UI", "UI\UI.esproj", "{DA6A490C-61F4-478D-8703-C543D6DB0B13}"
EndProject
Global
	GlobalSection(SolutionConfigurationPlatforms) = preSolution
		Debug|Any CPU = Debug|Any CPU
		Release|Any CPU = Release|Any CPU
	EndGlobalSection
	GlobalSection(ProjectConfigurationPlatforms) = postSolution
		{F2B8636F-F5E1-4878-A6DE-2327145C1E16}.Debug|Any CPU.ActiveCfg = Debug|Any CPU
		{F2B8636F-F5E1-4878-A6DE-2327145C1E16}.Debug|Any CPU.Build.0 = Debug|Any CPU
		{F2B8636F-F5E1-4878-A6DE-2327145C1E16}.Release|Any CPU.ActiveCfg = Release|Any CPU
		{F2B8636F-F5E1-4878-A6DE-2327145C1E16}.Release|Any CPU.Build.0 = Release|Any CPU
		{DA6A490C-61F4-478D-8703-C543D6DB0B13}.Debug|Any CPU.ActiveCfg = Debug|Any CPU
		{DA6A490C-61F4-478D-8703-C543D6DB0B13}.Debug|Any CPU.Build.0 = Debug|Any CPU
		{DA6A490C-61F4-478D-8703-C543D6DB0B13}.Debug|Any CPU.Deploy.0 = Debug|Any CPU
		{DA6A490C-61F4-478D-8703-C543D6DB0B13}.Release|Any CPU.ActiveCfg = Release|Any CPU
		{DA6A490C-61F4-478D-8703-C543D6DB0B13}.Release|Any CPU.Build.0 = Release|Any CPU
		{DA6A490C-61F4-478D-8703-C543D6DB0B13}.Release|Any CPU.Deploy.0 = Release|Any CPU
	EndGlobalSection
	GlobalSection(SolutionProperties) = preSolution
		HideSolutionNode = FALSE
	EndGlobalSection
	GlobalSection(ExtensibilityGlobals) = postSolution
		SolutionGuid = {E21B3BB2-B9A6-4D86-9EF9-AB3E79D05314}
	EndGlobalSection
EndGlobal
